// !$*UTF8*$!
{
	archiveVersion = 1;
	classes = {
	};
	objectVersion = 46;
	objects = {

/* Begin PBXBuildFile section */
		FC35456E194BDF2300F3D236 /* poly_demo.cpp in Sources */ = {isa = PBXBuildFile; fileRef = FC35456D194BDF2300F3D236 /* poly_demo.cpp */; };
		FC354571194BDF7300F3D236 /* OpenGL.framework in Frameworks */ = {isa = PBXBuildFile; fileRef = FC354570194BDF7300F3D236 /* OpenGL.framework */; };
		FC354573194BDF7E00F3D236 /* GLUT.framework in Frameworks */ = {isa = PBXBuildFile; fileRef = FC354572194BDF7E00F3D236 /* GLUT.framework */; };
		FC458BC71953F95A00E260AC /* GridMesh.cpp in Sources */ = {isa = PBXBuildFile; fileRef = FC458BC51953F95A00E260AC /* GridMesh.cpp */; };
		FC67C07A19514DE10077AB72 /* rast_demo.cpp in Sources */ = {isa = PBXBuildFile; fileRef = FC67C07919514DE10077AB72 /* rast_demo.cpp */; };
		FC67C08019515CBB0077AB72 /* GLUT.framework in Frameworks */ = {isa = PBXBuildFile; fileRef = FC354572194BDF7E00F3D236 /* GLUT.framework */; };
		FC67C08119515CBF0077AB72 /* OpenGL.framework in Frameworks */ = {isa = PBXBuildFile; fileRef = FC354570194BDF7300F3D236 /* OpenGL.framework */; };
/* End PBXBuildFile section */

/* Begin PBXCopyFilesBuildPhase section */
		FC35455F194BDED000F3D236 /* CopyFiles */ = {
			isa = PBXCopyFilesBuildPhase;
			buildActionMask = 2147483647;
			dstPath = /usr/share/man/man1/;
			dstSubfolderSpec = 0;
			files = (
			);
			runOnlyForDeploymentPostprocessing = 1;
		};
		FC67C07519514DE00077AB72 /* CopyFiles */ = {
			isa = PBXCopyFilesBuildPhase;
			buildActionMask = 2147483647;
			dstPath = /usr/share/man/man1/;
			dstSubfolderSpec = 0;
			files = (
			);
			runOnlyForDeploymentPostprocessing = 1;
		};
/* End PBXCopyFilesBuildPhase section */

/* Begin PBXFileReference section */
		FC354561194BDED000F3D236 /* PolyTest */ = {isa = PBXFileReference; explicitFileType = "compiled.mach-o.executable"; includeInIndex = 0; path = PolyTest; sourceTree = BUILT_PRODUCTS_DIR; };
		FC35456D194BDF2300F3D236 /* poly_demo.cpp */ = {isa = PBXFileReference; fileEncoding = 4; lastKnownFileType = sourcecode.cpp.cpp; path = poly_demo.cpp; sourceTree = "<group>"; };
		FC35456F194BDF3700F3D236 /* poly.h */ = {isa = PBXFileReference; lastKnownFileType = sourcecode.c.h; path = poly.h; sourceTree = "<group>"; };
		FC354570194BDF7300F3D236 /* OpenGL.framework */ = {isa = PBXFileReference; lastKnownFileType = wrapper.framework; name = OpenGL.framework; path = System/Library/Frameworks/OpenGL.framework; sourceTree = SDKROOT; };
		FC354572194BDF7E00F3D236 /* GLUT.framework */ = {isa = PBXFileReference; lastKnownFileType = wrapper.framework; name = GLUT.framework; path = System/Library/Frameworks/GLUT.framework; sourceTree = SDKROOT; };
		FC458BC51953F95A00E260AC /* GridMesh.cpp */ = {isa = PBXFileReference; fileEncoding = 4; lastKnownFileType = sourcecode.cpp.cpp; path = GridMesh.cpp; sourceTree = "<group>"; };
		FC458BC61953F95A00E260AC /* GridMesh.h */ = {isa = PBXFileReference; fileEncoding = 4; lastKnownFileType = sourcecode.c.h; path = GridMesh.h; sourceTree = "<group>"; };
		FC67C07719514DE10077AB72 /* rast_demo */ = {isa = PBXFileReference; explicitFileType = "compiled.mach-o.executable"; includeInIndex = 0; path = rast_demo; sourceTree = BUILT_PRODUCTS_DIR; };
		FC67C07919514DE10077AB72 /* rast_demo.cpp */ = {isa = PBXFileReference; lastKnownFileType = sourcecode.cpp.cpp; path = rast_demo.cpp; sourceTree = "<group>"; };
/* End PBXFileReference section */

/* Begin PBXFrameworksBuildPhase section */
		FC35455E194BDED000F3D236 /* Frameworks */ = {
			isa = PBXFrameworksBuildPhase;
			buildActionMask = 2147483647;
			files = (
				FC354573194BDF7E00F3D236 /* GLUT.framework in Frameworks */,
				FC354571194BDF7300F3D236 /* OpenGL.framework in Frameworks */,
			);
			runOnlyForDeploymentPostprocessing = 0;
		};
		FC67C07419514DE00077AB72 /* Frameworks */ = {
			isa = PBXFrameworksBuildPhase;
			buildActionMask = 2147483647;
			files = (
				FC67C08119515CBF0077AB72 /* OpenGL.framework in Frameworks */,
				FC67C08019515CBB0077AB72 /* GLUT.framework in Frameworks */,
			);
			runOnlyForDeploymentPostprocessing = 0;
		};
/* End PBXFrameworksBuildPhase section */

/* Begin PBXGroup section */
		FC354558194BDED000F3D236 = {
			isa = PBXGroup;
			children = (
				FC354572194BDF7E00F3D236 /* GLUT.framework */,
				FC354570194BDF7300F3D236 /* OpenGL.framework */,
				FC354563194BDED000F3D236 /* PolyTest */,
				FC354562194BDED000F3D236 /* Products */,
			);
			sourceTree = "<group>";
		};
		FC354562194BDED000F3D236 /* Products */ = {
			isa = PBXGroup;
			children = (
				FC354561194BDED000F3D236 /* PolyTest */,
				FC67C07719514DE10077AB72 /* rast_demo */,
			);
			name = Products;
			sourceTree = "<group>";
		};
		FC354563194BDED000F3D236 /* PolyTest */ = {
			isa = PBXGroup;
			children = (
				FC35456F194BDF3700F3D236 /* poly.h */,
				FC35456D194BDF2300F3D236 /* poly_demo.cpp */,
				FC67C07919514DE10077AB72 /* rast_demo.cpp */,
				FC458BC51953F95A00E260AC /* GridMesh.cpp */,
				FC458BC61953F95A00E260AC /* GridMesh.h */,
			);
			path = PolyTest;
			sourceTree = "<group>";
		};
/* End PBXGroup section */

/* Begin PBXNativeTarget section */
		FC354560194BDED000F3D236 /* PolyTest */ = {
			isa = PBXNativeTarget;
			buildConfigurationList = FC35456A194BDED000F3D236 /* Build configuration list for PBXNativeTarget "PolyTest" */;
			buildPhases = (
				FC35455D194BDED000F3D236 /* Sources */,
				FC35455E194BDED000F3D236 /* Frameworks */,
				FC35455F194BDED000F3D236 /* CopyFiles */,
			);
			buildRules = (
			);
			dependencies = (
			);
			name = PolyTest;
			productName = PolyTest;
			productReference = FC354561194BDED000F3D236 /* PolyTest */;
			productType = "com.apple.product-type.tool";
		};
		FC67C07619514DE00077AB72 /* rast_demo */ = {
			isa = PBXNativeTarget;
			buildConfigurationList = FC67C07F19514DE10077AB72 /* Build configuration list for PBXNativeTarget "rast_demo" */;
			buildPhases = (
				FC67C07319514DE00077AB72 /* Sources */,
				FC67C07419514DE00077AB72 /* Frameworks */,
				FC67C07519514DE00077AB72 /* CopyFiles */,
			);
			buildRules = (
			);
			dependencies = (
			);
			name = rast_demo;
			productName = rast_demo;
			productReference = FC67C07719514DE10077AB72 /* rast_demo */;
			productType = "com.apple.product-type.tool";
		};
/* End PBXNativeTarget section */

/* Begin PBXProject section */
		FC354559194BDED000F3D236 /* Project object */ = {
			isa = PBXProject;
			attributes = {
				LastUpgradeCheck = 0510;
				ORGANIZATIONNAME = a.b.c;
			};
			buildConfigurationList = FC35455C194BDED000F3D236 /* Build configuration list for PBXProject "PolyTest" */;
			compatibilityVersion = "Xcode 3.2";
			developmentRegion = English;
			hasScannedForEncodings = 0;
			knownRegions = (
				en,
			);
			mainGroup = FC354558194BDED000F3D236;
			productRefGroup = FC354562194BDED000F3D236 /* Products */;
			projectDirPath = "";
			projectRoot = "";
			targets = (
				FC354560194BDED000F3D236 /* PolyTest */,
				FC67C07619514DE00077AB72 /* rast_demo */,
			);
		};
/* End PBXProject section */

/* Begin PBXSourcesBuildPhase section */
		FC35455D194BDED000F3D236 /* Sources */ = {
			isa = PBXSourcesBuildPhase;
			buildActionMask = 2147483647;
			files = (
				FC35456E194BDF2300F3D236 /* poly_demo.cpp in Sources */,
			);
			runOnlyForDeploymentPostprocessing = 0;
		};
		FC67C07319514DE00077AB72 /* Sources */ = {
			isa = PBXSourcesBuildPhase;
			buildActionMask = 2147483647;
			files = (
				FC458BC71953F95A00E260AC /* GridMesh.cpp in Sources */,
				FC67C07A19514DE10077AB72 /* rast_demo.cpp in Sources */,
			);
			runOnlyForDeploymentPostprocessing = 0;
		};
/* End PBXSourcesBuildPhase section */

/* Begin XCBuildConfiguration section */
		FC354568194BDED000F3D236 /* Debug */ = {
			isa = XCBuildConfiguration;
			buildSettings = {
				ALWAYS_SEARCH_USER_PATHS = NO;
				CLANG_CXX_LANGUAGE_STANDARD = "gnu++0x";
				CLANG_CXX_LIBRARY = "libc++";
				CLANG_ENABLE_MODULES = YES;
				CLANG_ENABLE_OBJC_ARC = YES;
				CLANG_WARN_BOOL_CONVERSION = YES;
				CLANG_WARN_CONSTANT_CONVERSION = YES;
				CLANG_WARN_DIRECT_OBJC_ISA_USAGE = YES_ERROR;
				CLANG_WARN_EMPTY_BODY = YES;
				CLANG_WARN_ENUM_CONVERSION = YES;
				CLANG_WARN_INT_CONVERSION = YES;
				CLANG_WARN_OBJC_ROOT_CLASS = YES_ERROR;
				CLANG_WARN__DUPLICATE_METHOD_MATCH = YES;
				COPY_PHASE_STRIP = NO;
				GCC_C_LANGUAGE_STANDARD = gnu99;
				GCC_DYNAMIC_NO_PIC = NO;
				GCC_ENABLE_OBJC_EXCEPTIONS = YES;
				GCC_OPTIMIZATION_LEVEL = 0;
				GCC_PREPROCESSOR_DEFINITIONS = (
					"DEBUG=1",
					"$(inherited)",
				);
				GCC_SYMBOLS_PRIVATE_EXTERN = NO;
				GCC_WARN_64_TO_32_BIT_CONVERSION = YES;
				GCC_WARN_ABOUT_RETURN_TYPE = YES_ERROR;
				GCC_WARN_UNDECLARED_SELECTOR = YES;
				GCC_WARN_UNINITIALIZED_AUTOS = YES_AGGRESSIVE;
				GCC_WARN_UNUSED_FUNCTION = YES;
				GCC_WARN_UNUSED_VARIABLE = YES;
				MACOSX_DEPLOYMENT_TARGET = 10.9;
				ONLY_ACTIVE_ARCH = YES;
				OTHER_CPLUSPLUSFLAGS = (
					"$(OTHER_CFLAGS)",
					"-Wno-deprecated",
				);
				SDKROOT = macosx;
			};
			name = Debug;
		};
		FC354569194BDED000F3D236 /* Release */ = {
			isa = XCBuildConfiguration;
			buildSettings = {
				ALWAYS_SEARCH_USER_PATHS = NO;
				CLANG_CXX_LANGUAGE_STANDARD = "gnu++0x";
				CLANG_CXX_LIBRARY = "libc++";
				CLANG_ENABLE_MODULES = YES;
				CLANG_ENABLE_OBJC_ARC = YES;
				CLANG_WARN_BOOL_CONVERSION = YES;
				CLANG_WARN_CONSTANT_CONVERSION = YES;
				CLANG_WARN_DIRECT_OBJC_ISA_USAGE = YES_ERROR;
				CLANG_WARN_EMPTY_BODY = YES;
				CLANG_WARN_ENUM_CONVERSION = YES;
				CLANG_WARN_INT_CONVERSION = YES;
				CLANG_WARN_OBJC_ROOT_CLASS = YES_ERROR;
				CLANG_WARN__DUPLICATE_METHOD_MATCH = YES;
				COPY_PHASE_STRIP = YES;
				DEBUG_INFORMATION_FORMAT = "dwarf-with-dsym";
				ENABLE_NS_ASSERTIONS = NO;
				GCC_C_LANGUAGE_STANDARD = gnu99;
				GCC_ENABLE_OBJC_EXCEPTIONS = YES;
				GCC_WARN_64_TO_32_BIT_CONVERSION = YES;
				GCC_WARN_ABOUT_RETURN_TYPE = YES_ERROR;
				GCC_WARN_UNDECLARED_SELECTOR = YES;
				GCC_WARN_UNINITIALIZED_AUTOS = YES_AGGRESSIVE;
				GCC_WARN_UNUSED_FUNCTION = YES;
				GCC_WARN_UNUSED_VARIABLE = YES;
				MACOSX_DEPLOYMENT_TARGET = 10.9;
				OTHER_CPLUSPLUSFLAGS = (
					"$(OTHER_CFLAGS)",
					"-Wno-deprecated",
				);
				SDKROOT = macosx;
			};
			name = Release;
		};
		FC35456B194BDED000F3D236 /* Debug */ = {
			isa = XCBuildConfiguration;
			buildSettings = {
				PRODUCT_NAME = "$(TARGET_NAME)";
			};
			name = Debug;
		};
		FC35456C194BDED000F3D236 /* Release */ = {
			isa = XCBuildConfiguration;
			buildSettings = {
				PRODUCT_NAME = "$(TARGET_NAME)";
			};
			name = Release;
		};
		FC67C07D19514DE10077AB72 /* Debug */ = {
			isa = XCBuildConfiguration;
			buildSettings = {
				GCC_PREPROCESSOR_DEFINITIONS = (
					"DEBUG=1",
					"$(inherited)",
				);
				PRODUCT_NAME = "$(TARGET_NAME)";
			};
			name = Debug;
		};
		FC67C07E19514DE10077AB72 /* Release */ = {
			isa = XCBuildConfiguration;
			buildSettings = {
				PRODUCT_NAME = "$(TARGET_NAME)";
			};
			name = Release;
		};
/* End XCBuildConfiguration section */

/* Begin XCConfigurationList section */
		FC35455C194BDED000F3D236 /* Build configuration list for PBXProject "PolyTest" */ = {
			isa = XCConfigurationList;
			buildConfigurations = (
				FC354568194BDED000F3D236 /* Debug */,
				FC354569194BDED000F3D236 /* Release */,
			);
			defaultConfigurationIsVisible = 0;
			defaultConfigurationName = Release;
		};
		FC35456A194BDED000F3D236 /* Build configuration list for PBXNativeTarget "PolyTest" */ = {
			isa = XCConfigurationList;
			buildConfigurations = (
				FC35456B194BDED000F3D236 /* Debug */,
				FC35456C194BDED000F3D236 /* Release */,
			);
			defaultConfigurationIsVisible = 0;
			defaultConfigurationName = Release;
		};
		FC67C07F19514DE10077AB72 /* Build configuration list for PBXNativeTarget "rast_demo" */ = {
			isa = XCConfigurationList;
			buildConfigurations = (
				FC67C07D19514DE10077AB72 /* Debug */,
				FC67C07E19514DE10077AB72 /* Release */,
			);
			defaultConfigurationIsVisible = 0;
			defaultConfigurationName = Release;
		};
/* End XCConfigurationList section */
	};
	rootObject = FC354559194BDED000F3D236 /* Project object */;
}
